
Microsoft Visual Studio Solution File, Format Version 12.00
# Visual Studio Version 17
VisualStudioVersion = 17.11.35222.181
MinimumVisualStudioVersion = 10.0.40219.1
Project("{FAE04EC0-301F-11D3-BF4B-00C04F79EFBC}") = "ManageLibrary", "ManageLibrary\ManageLibrary.csproj", "{1A2EA067-5B18-4013-90C1-E78861C97287}"
EndProject
Global
	GlobalSection(SolutionConfigurationPlatforms) = preSolution
		Debug|Any CPU = Debug|Any CPU
		Release|Any CPU = Release|Any CPU
	EndGlobalSection
	GlobalSection(ProjectConfigurationPlatforms) = postSolution
		{1A2EA067-5B18-4013-90C1-E78861C97287}.Debug|Any CPU.ActiveCfg = Debug|Any CPU
		{1A2EA067-5B18-4013-90C1-E78861C97287}.Debug|Any CPU.Build.0 = Debug|Any CPU
		{1A2EA067-5B18-4013-90C1-E78861C97287}.Release|Any CPU.ActiveCfg = Release|Any CPU
		{1A2EA067-5B18-4013-90C1-E78861C97287}.Release|Any CPU.Build.0 = Release|Any CPU
	EndGlobalSection
	GlobalSection(SolutionProperties) = preSolution
		HideSolutionNode = FALSE
	EndGlobalSection
	GlobalSection(ExtensibilityGlobals) = postSolution
		SolutionGuid = {D04E7946-9D96-4157-A91C-CE5D6204B6D5}
	EndGlobalSection
EndGlobal
